
Microsoft Visual Studio Solution File, Format Version 12.00
# Visual Studio 2012
Project("{FAE04EC0-301F-11D3-BF4B-00C04F79EFBC}") = "ScriptingInSilverlight", "ScriptingInSilverlight\ScriptingInSilverlight.csproj", "{8BA07C50-EA49-4C47-91E6-13A34B62038E}"
EndProject
Project("{FAE04EC0-301F-11D3-BF4B-00C04F79EFBC}") = "ScriptingInSilverlight.Web", "ScriptingInSilverlight.Web\ScriptingInSilverlight.Web.csproj", "{4AF8F51D-86FE-4562-B8E7-22600B177FF6}"
EndProject
Global
	GlobalSection(SolutionConfigurationPlatforms) = preSolution
		Debug|Any CPU = Debug|Any CPU
		Release|Any CPU = Release|Any CPU
	EndGlobalSection
	GlobalSection(ProjectConfigurationPlatforms) = postSolution
		{8BA07C50-EA49-4C47-91E6-13A34B62038E}.Debug|Any CPU.ActiveCfg = Debug|Any CPU
		{8BA07C50-EA49-4C47-91E6-13A34B62038E}.Debug|Any CPU.Build.0 = Debug|Any CPU
		{8BA07C50-EA49-4C47-91E6-13A34B62038E}.Release|Any CPU.ActiveCfg = Release|Any CPU
		{8BA07C50-EA49-4C47-91E6-13A34B62038E}.Release|Any CPU.Build.0 = Release|Any CPU
		{4AF8F51D-86FE-4562-B8E7-22600B177FF6}.Debug|Any CPU.ActiveCfg = Debug|Any CPU
		{4AF8F51D-86FE-4562-B8E7-22600B177FF6}.Debug|Any CPU.Build.0 = Debug|Any CPU
		{4AF8F51D-86FE-4562-B8E7-22600B177FF6}.Release|Any CPU.ActiveCfg = Release|Any CPU
		{4AF8F51D-86FE-4562-B8E7-22600B177FF6}.Release|Any CPU.Build.0 = Release|Any CPU
	EndGlobalSection
	GlobalSection(SolutionProperties) = preSolution
		HideSolutionNode = FALSE
	EndGlobalSection
EndGlobal
